
Microsoft Visual Studio Solution File, Format Version 12.00
# Visual Studio Version 17
VisualStudioVersion = 17.5.33516.290
MinimumVisualStudioVersion = 10.0.40219.1
Project("{FAE04EC0-301F-11D3-BF4B-00C04F79EFBC}") = "Net Core Egitim", "Net Core Egitim\Net Core Egitim.csproj", "{5AE56040-CD13-4740-B6B7-A60AE1BC4385}"
EndProject
Project("{FAE04EC0-301F-11D3-BF4B-00C04F79EFBC}") = "Core7Egitim", "Core7Egitim\Core7Egitim.csproj", "{E77D01A1-A611-4FD1-9269-40917C353F86}"
EndProject
Global
	GlobalSection(SolutionConfigurationPlatforms) = preSolution
		Debug|Any CPU = Debug|Any CPU
		Release|Any CPU = Release|Any CPU
	EndGlobalSection
	GlobalSection(ProjectConfigurationPlatforms) = postSolution
		{5AE56040-CD13-4740-B6B7-A60AE1BC4385}.Debug|Any CPU.ActiveCfg = Debug|Any CPU
		{5AE56040-CD13-4740-B6B7-A60AE1BC4385}.Debug|Any CPU.Build.0 = Debug|Any CPU
		{5AE56040-CD13-4740-B6B7-A60AE1BC4385}.Release|Any CPU.ActiveCfg = Release|Any CPU
		{5AE56040-CD13-4740-B6B7-A60AE1BC4385}.Release|Any CPU.Build.0 = Release|Any CPU
		{E77D01A1-A611-4FD1-9269-40917C353F86}.Debug|Any CPU.ActiveCfg = Debug|Any CPU
		{E77D01A1-A611-4FD1-9269-40917C353F86}.Debug|Any CPU.Build.0 = Debug|Any CPU
		{E77D01A1-A611-4FD1-9269-40917C353F86}.Release|Any CPU.ActiveCfg = Release|Any CPU
		{E77D01A1-A611-4FD1-9269-40917C353F86}.Release|Any CPU.Build.0 = Release|Any CPU
	EndGlobalSection
	GlobalSection(SolutionProperties) = preSolution
		HideSolutionNode = FALSE
	EndGlobalSection
	GlobalSection(ExtensibilityGlobals) = postSolution
		SolutionGuid = {1FC66DC5-260B-4507-9D0D-E94544A7CD1A}
	EndGlobalSection
EndGlobal
